
Microsoft Visual Studio Solution File, Format Version 12.00
# Visual Studio Version 16
VisualStudioVersion = 16.0.33214.272
MinimumVisualStudioVersion = 10.0.40219.1
Project("{FAE04EC0-301F-11D3-BF4B-00C04F79EFBC}") = "Project", "Project.csproj", "{D087C53F-62B5-4431-B068-F3BE31D65374}"
EndProject
Global
	GlobalSection(SolutionConfigurationPlatforms) = preSolution
		Debug|Any CPU = Debug|Any CPU
		Release|Any CPU = Release|Any CPU
	EndGlobalSection
	GlobalSection(ProjectConfigurationPlatforms) = postSolution
		{D087C53F-62B5-4431-B068-F3BE31D65374}.Debug|Any CPU.ActiveCfg = Debug|Any CPU
		{D087C53F-62B5-4431-B068-F3BE31D65374}.Debug|Any CPU.Build.0 = Debug|Any CPU
		{D087C53F-62B5-4431-B068-F3BE31D65374}.Release|Any CPU.ActiveCfg = Release|Any CPU
		{D087C53F-62B5-4431-B068-F3BE31D65374}.Release|Any CPU.Build.0 = Release|Any CPU
	EndGlobalSection
	GlobalSection(SolutionProperties) = preSolution
		HideSolutionNode = FALSE
	EndGlobalSection
	GlobalSection(ExtensibilityGlobals) = postSolution
		SolutionGuid = {1DDE8EBC-B805-4B33-9897-209AFDA0DE99}
	EndGlobalSection
EndGlobal
